{
  "name": "@ryefimchuk/promise-each",
  "version": "1.0.2",
  "lockfileVersion": 1,
  "requires": true,
  "dependencies": {
    "@ryefimchuk/promise-lazy-each": {
      "version": "1.0.1",
      "resolved": "https://registry.npmjs.org/@ryefimchuk/promise-lazy-each/-/promise-lazy-each-1.0.1.tgz",
      "integrity": "sha512-6+8lcfNP8qBEF1aVgSQ+rjVOe5AcA3roVsbTyPxsu0trm1+5yM3EH6Sq7eHMQOx0c6nboB1t5btw4N7Q15ohIA=="
    },
    "typescript": {
      "version": "2.9.1",
      "resolved": "https://registry.npmjs.org/typescript/-/typescript-2.9.1.tgz",
      "integrity": "sha512-h6pM2f/GDchCFlldnriOhs1QHuwbnmj6/v7499eMHqPeW4V2G0elua2eIc2nu8v2NdHV0Gm+tzX83Hr6nUFjQA==",
      "dev": true
    }
  }
}
